
Microsoft Visual Studio Solution File, Format Version 12.00
# Visual Studio 15
VisualStudioVersion = 15.0.26730.16
MinimumVisualStudioVersion = 10.0.40219.1
Project("{9A19103F-16F7-4668-BE54-9A1E7A4F7556}") = "Naspinski.Messaging", "Naspinski.Messaging\Naspinski.Messaging.csproj", "{B464E89F-2F9B-4EF5-B5FF-4BC0FB02C4BC}"
EndProject
Project("{FAE04EC0-301F-11D3-BF4B-00C04F79EFBC}") = "Naspinski.Messaging.Tests", "Naspinski.Messaging.Tests\Naspinski.Messaging.Tests.csproj", "{347817CF-E35C-47FB-9F90-9876F5ECEFF4}"
EndProject
Global
	GlobalSection(SolutionConfigurationPlatforms) = preSolution
		Debug|Any CPU = Debug|Any CPU
		Release|Any CPU = Release|Any CPU
	EndGlobalSection
	GlobalSection(ProjectConfigurationPlatforms) = postSolution
		{B464E89F-2F9B-4EF5-B5FF-4BC0FB02C4BC}.Debug|Any CPU.ActiveCfg = Debug|Any CPU
		{B464E89F-2F9B-4EF5-B5FF-4BC0FB02C4BC}.Debug|Any CPU.Build.0 = Debug|Any CPU
		{B464E89F-2F9B-4EF5-B5FF-4BC0FB02C4BC}.Release|Any CPU.ActiveCfg = Release|Any CPU
		{B464E89F-2F9B-4EF5-B5FF-4BC0FB02C4BC}.Release|Any CPU.Build.0 = Release|Any CPU
		{347817CF-E35C-47FB-9F90-9876F5ECEFF4}.Debug|Any CPU.ActiveCfg = Debug|Any CPU
		{347817CF-E35C-47FB-9F90-9876F5ECEFF4}.Debug|Any CPU.Build.0 = Debug|Any CPU
		{347817CF-E35C-47FB-9F90-9876F5ECEFF4}.Release|Any CPU.ActiveCfg = Release|Any CPU
		{347817CF-E35C-47FB-9F90-9876F5ECEFF4}.Release|Any CPU.Build.0 = Release|Any CPU
	EndGlobalSection
	GlobalSection(SolutionProperties) = preSolution
		HideSolutionNode = FALSE
	EndGlobalSection
	GlobalSection(ExtensibilityGlobals) = postSolution
		SolutionGuid = {97C1C6D8-3609-472B-B2CA-5F6F4853426B}
	EndGlobalSection
EndGlobal
